
Microsoft Visual Studio Solution File, Format Version 10.00
# Visual Studio 2008
Project("{FAE04EC0-301F-11D3-BF4B-00C04F79EFBC}") = "Froggy.Test", "Froggy.Test\Froggy.Test.csproj", "{C94C17CA-117E-4CC9-8254-F697A0F38528}"
EndProject
Project("{FAE04EC0-301F-11D3-BF4B-00C04F79EFBC}") = "Froggy", "Froggy\Froggy.csproj", "{06D9B52F-9EC8-4A71-B529-B5DA7A124528}"
EndProject
Project("{FAE04EC0-301F-11D3-BF4B-00C04F79EFBC}") = "Froggy.Data.Db4o", "Froggy.Data.Db4o\Froggy.Data.Db4o.csproj", "{0EFFABBA-282E-4436-AD61-6F360E09C764}"
EndProject
Project("{FAE04EC0-301F-11D3-BF4B-00C04F79EFBC}") = "Froggy.Data.Db4o.Test", "Froggy.Data.Db4o.Test\Froggy.Data.Db4o.Test.csproj", "{8FC89317-07A4-4ACD-922F-D48D307B6A17}"
EndProject
Global
	GlobalSection(SubversionScc) = preSolution
		Svn-Managed = True
		Manager = AnkhSVN - Subversion Support for Visual Studio
	EndGlobalSection
	GlobalSection(SolutionConfigurationPlatforms) = preSolution
		Debug|Any CPU = Debug|Any CPU
		Release|Any CPU = Release|Any CPU
	EndGlobalSection
	GlobalSection(ProjectConfigurationPlatforms) = postSolution
		{C94C17CA-117E-4CC9-8254-F697A0F38528}.Debug|Any CPU.ActiveCfg = Debug|Any CPU
		{C94C17CA-117E-4CC9-8254-F697A0F38528}.Debug|Any CPU.Build.0 = Debug|Any CPU
		{C94C17CA-117E-4CC9-8254-F697A0F38528}.Release|Any CPU.ActiveCfg = Release|Any CPU
		{C94C17CA-117E-4CC9-8254-F697A0F38528}.Release|Any CPU.Build.0 = Release|Any CPU
		{06D9B52F-9EC8-4A71-B529-B5DA7A124528}.Debug|Any CPU.ActiveCfg = Debug|Any CPU
		{06D9B52F-9EC8-4A71-B529-B5DA7A124528}.Debug|Any CPU.Build.0 = Debug|Any CPU
		{06D9B52F-9EC8-4A71-B529-B5DA7A124528}.Release|Any CPU.ActiveCfg = Release|Any CPU
		{06D9B52F-9EC8-4A71-B529-B5DA7A124528}.Release|Any CPU.Build.0 = Release|Any CPU
		{0EFFABBA-282E-4436-AD61-6F360E09C764}.Debug|Any CPU.ActiveCfg = Debug|Any CPU
		{0EFFABBA-282E-4436-AD61-6F360E09C764}.Debug|Any CPU.Build.0 = Debug|Any CPU
		{0EFFABBA-282E-4436-AD61-6F360E09C764}.Release|Any CPU.ActiveCfg = Release|Any CPU
		{0EFFABBA-282E-4436-AD61-6F360E09C764}.Release|Any CPU.Build.0 = Release|Any CPU
		{8FC89317-07A4-4ACD-922F-D48D307B6A17}.Debug|Any CPU.ActiveCfg = Debug|Any CPU
		{8FC89317-07A4-4ACD-922F-D48D307B6A17}.Debug|Any CPU.Build.0 = Debug|Any CPU
		{8FC89317-07A4-4ACD-922F-D48D307B6A17}.Release|Any CPU.ActiveCfg = Release|Any CPU
		{8FC89317-07A4-4ACD-922F-D48D307B6A17}.Release|Any CPU.Build.0 = Release|Any CPU
	EndGlobalSection
	GlobalSection(SolutionProperties) = preSolution
		HideSolutionNode = FALSE
	EndGlobalSection
EndGlobal
