
Microsoft Visual Studio Solution File, Format Version 12.00
# Visual Studio 14
VisualStudioVersion = 14.0.22609.0
MinimumVisualStudioVersion = 10.0.40219.1
Project("{2150E333-8FDC-42A3-9474-1A3956D46DE8}") = "Tests", "Tests", "{56C12E2D-28D2-4E5F-BBB6-D434D898E3FD}"
EndProject
Project("{FAE04EC0-301F-11D3-BF4B-00C04F79EFBC}") = "Froggy", "Froggy\Froggy.csproj", "{06D9B52F-9EC8-4A71-B529-B5DA7A124528}"
EndProject
Project("{FAE04EC0-301F-11D3-BF4B-00C04F79EFBC}") = "Froggy.CodeGenerator", "Froggy.CodeGenerator\Froggy.CodeGenerator.csproj", "{89FE5569-22A8-4591-9DAC-EE2C4BFF5241}"
EndProject
Project("{FAE04EC0-301F-11D3-BF4B-00C04F79EFBC}") = "Froggy.Test", "Tests\Froggy.Test\Froggy.Test.csproj", "{C94C17CA-117E-4CC9-8254-F697A0F38528}"
EndProject
Project("{FAE04EC0-301F-11D3-BF4B-00C04F79EFBC}") = "Froggy.Data.Db4o.Test", "Tests\Froggy.Data.Db4o.Test\Froggy.Data.Db4o.Test.csproj", "{8FC89317-07A4-4ACD-922F-D48D307B6A17}"
EndProject
Project("{FAE04EC0-301F-11D3-BF4B-00C04F79EFBC}") = "Froggy.CodeGenerator.Test", "Tests\Froggy.CodeGenerator.Test\Froggy.CodeGenerator.Test.csproj", "{0304461C-4471-46F2-896E-2E80A0E17131}"
EndProject
Project("{FAE04EC0-301F-11D3-BF4B-00C04F79EFBC}") = "Froggy.Data.Db4o", "Froggy.Data.Db4o\Froggy.Data.Db4o.csproj", "{0EFFABBA-282E-4436-AD61-6F360E09C764}"
EndProject
Global
	GlobalSection(SolutionConfigurationPlatforms) = preSolution
		Debug|Any CPU = Debug|Any CPU
		Release|Any CPU = Release|Any CPU
	EndGlobalSection
	GlobalSection(ProjectConfigurationPlatforms) = postSolution
		{06D9B52F-9EC8-4A71-B529-B5DA7A124528}.Debug|Any CPU.ActiveCfg = Debug|Any CPU
		{06D9B52F-9EC8-4A71-B529-B5DA7A124528}.Debug|Any CPU.Build.0 = Debug|Any CPU
		{06D9B52F-9EC8-4A71-B529-B5DA7A124528}.Release|Any CPU.ActiveCfg = Release|Any CPU
		{06D9B52F-9EC8-4A71-B529-B5DA7A124528}.Release|Any CPU.Build.0 = Release|Any CPU
		{89FE5569-22A8-4591-9DAC-EE2C4BFF5241}.Debug|Any CPU.ActiveCfg = Debug|Any CPU
		{89FE5569-22A8-4591-9DAC-EE2C4BFF5241}.Debug|Any CPU.Build.0 = Debug|Any CPU
		{89FE5569-22A8-4591-9DAC-EE2C4BFF5241}.Release|Any CPU.ActiveCfg = Release|Any CPU
		{89FE5569-22A8-4591-9DAC-EE2C4BFF5241}.Release|Any CPU.Build.0 = Release|Any CPU
		{C94C17CA-117E-4CC9-8254-F697A0F38528}.Debug|Any CPU.ActiveCfg = Debug|Any CPU
		{C94C17CA-117E-4CC9-8254-F697A0F38528}.Debug|Any CPU.Build.0 = Debug|Any CPU
		{C94C17CA-117E-4CC9-8254-F697A0F38528}.Release|Any CPU.ActiveCfg = Release|Any CPU
		{C94C17CA-117E-4CC9-8254-F697A0F38528}.Release|Any CPU.Build.0 = Release|Any CPU
		{8FC89317-07A4-4ACD-922F-D48D307B6A17}.Debug|Any CPU.ActiveCfg = Debug|Any CPU
		{8FC89317-07A4-4ACD-922F-D48D307B6A17}.Debug|Any CPU.Build.0 = Debug|Any CPU
		{8FC89317-07A4-4ACD-922F-D48D307B6A17}.Release|Any CPU.ActiveCfg = Release|Any CPU
		{8FC89317-07A4-4ACD-922F-D48D307B6A17}.Release|Any CPU.Build.0 = Release|Any CPU
		{0304461C-4471-46F2-896E-2E80A0E17131}.Debug|Any CPU.ActiveCfg = Debug|Any CPU
		{0304461C-4471-46F2-896E-2E80A0E17131}.Debug|Any CPU.Build.0 = Debug|Any CPU
		{0304461C-4471-46F2-896E-2E80A0E17131}.Release|Any CPU.ActiveCfg = Release|Any CPU
		{0304461C-4471-46F2-896E-2E80A0E17131}.Release|Any CPU.Build.0 = Release|Any CPU
		{0EFFABBA-282E-4436-AD61-6F360E09C764}.Debug|Any CPU.ActiveCfg = Debug|Any CPU
		{0EFFABBA-282E-4436-AD61-6F360E09C764}.Debug|Any CPU.Build.0 = Debug|Any CPU
		{0EFFABBA-282E-4436-AD61-6F360E09C764}.Release|Any CPU.ActiveCfg = Release|Any CPU
		{0EFFABBA-282E-4436-AD61-6F360E09C764}.Release|Any CPU.Build.0 = Release|Any CPU
	EndGlobalSection
	GlobalSection(SolutionProperties) = preSolution
		HideSolutionNode = FALSE
	EndGlobalSection
	GlobalSection(NestedProjects) = preSolution
		{C94C17CA-117E-4CC9-8254-F697A0F38528} = {56C12E2D-28D2-4E5F-BBB6-D434D898E3FD}
		{8FC89317-07A4-4ACD-922F-D48D307B6A17} = {56C12E2D-28D2-4E5F-BBB6-D434D898E3FD}
		{0304461C-4471-46F2-896E-2E80A0E17131} = {56C12E2D-28D2-4E5F-BBB6-D434D898E3FD}
	EndGlobalSection
	GlobalSection(SubversionScc) = preSolution
		Svn-Managed = True
		Manager = AnkhSVN - Subversion Support for Visual Studio
	EndGlobalSection
EndGlobal
